
Microsoft Visual Studio Solution File, Format Version 12.00
# Visual Studio Version 16
VisualStudioVersion = 16.0.30011.22
MinimumVisualStudioVersion = 10.0.40219.1
Project("{9A19103F-16F7-4668-BE54-9A1E7A4F7556}") = "imgReaderThreads", "imgReaderThreads\imgReaderThreads.csproj", "{6CAA2899-B4D9-48C3-8AFE-4B07278AF14C}"
EndProject
Global
	GlobalSection(SolutionConfigurationPlatforms) = preSolution
		Debug|Any CPU = Debug|Any CPU
		Debug|x64 = Debug|x64
		Release|Any CPU = Release|Any CPU
		Release|x64 = Release|x64
	EndGlobalSection
	GlobalSection(ProjectConfigurationPlatforms) = postSolution
		{6CAA2899-B4D9-48C3-8AFE-4B07278AF14C}.Debug|Any CPU.ActiveCfg = Debug|Any CPU
		{6CAA2899-B4D9-48C3-8AFE-4B07278AF14C}.Debug|Any CPU.Build.0 = Debug|Any CPU
		{6CAA2899-B4D9-48C3-8AFE-4B07278AF14C}.Debug|x64.ActiveCfg = Debug|x64
		{6CAA2899-B4D9-48C3-8AFE-4B07278AF14C}.Debug|x64.Build.0 = Debug|x64
		{6CAA2899-B4D9-48C3-8AFE-4B07278AF14C}.Release|Any CPU.ActiveCfg = Release|Any CPU
		{6CAA2899-B4D9-48C3-8AFE-4B07278AF14C}.Release|Any CPU.Build.0 = Release|Any CPU
		{6CAA2899-B4D9-48C3-8AFE-4B07278AF14C}.Release|x64.ActiveCfg = Release|x64
		{6CAA2899-B4D9-48C3-8AFE-4B07278AF14C}.Release|x64.Build.0 = Release|x64
	EndGlobalSection
	GlobalSection(SolutionProperties) = preSolution
		HideSolutionNode = FALSE
	EndGlobalSection
	GlobalSection(ExtensibilityGlobals) = postSolution
		SolutionGuid = {2A26E2E1-AA76-43D4-BAB9-49FB7C10F835}
	EndGlobalSection
EndGlobal
